
Microsoft Visual Studio Solution File, Format Version 12.00
# Visual Studio Version 17
VisualStudioVersion = 17.11.35312.102
MinimumVisualStudioVersion = 10.0.40219.1
Project("{FAE04EC0-301F-11D3-BF4B-00C04F79EFBC}") = "Student", "Student\Student.csproj", "{6B310108-2749-43F7-AAD8-B8A65C0FB7FA}"
EndProject
Global
	GlobalSection(SolutionConfigurationPlatforms) = preSolution
		Debug|Any CPU = Debug|Any CPU
		Release|Any CPU = Release|Any CPU
	EndGlobalSection
	GlobalSection(ProjectConfigurationPlatforms) = postSolution
		{6B310108-2749-43F7-AAD8-B8A65C0FB7FA}.Debug|Any CPU.ActiveCfg = Debug|Any CPU
		{6B310108-2749-43F7-AAD8-B8A65C0FB7FA}.Debug|Any CPU.Build.0 = Debug|Any CPU
		{6B310108-2749-43F7-AAD8-B8A65C0FB7FA}.Release|Any CPU.ActiveCfg = Release|Any CPU
		{6B310108-2749-43F7-AAD8-B8A65C0FB7FA}.Release|Any CPU.Build.0 = Release|Any CPU
	EndGlobalSection
	GlobalSection(SolutionProperties) = preSolution
		HideSolutionNode = FALSE
	EndGlobalSection
	GlobalSection(ExtensibilityGlobals) = postSolution
		SolutionGuid = {929A32A2-5CC3-4390-942A-848D0B73D963}
	EndGlobalSection
EndGlobal
